
Microsoft Visual Studio Solution File, Format Version 12.00
# Visual Studio 14
VisualStudioVersion = 14.0.23107.0
MinimumVisualStudioVersion = 10.0.40219.1
Project("{8BC9CEB8-8B4A-11D0-8D11-00A0C91BC942}") = "MimumSizeSubArray", "MimumSizeSubArray\MimumSizeSubArray.vcxproj", "{B5D5678E-5CDE-4CD8-A728-AF16B39EF7FD}"
EndProject
Global
	GlobalSection(SolutionConfigurationPlatforms) = preSolution
		Debug|x64 = Debug|x64
		Debug|x86 = Debug|x86
		Release|x64 = Release|x64
		Release|x86 = Release|x86
	EndGlobalSection
	GlobalSection(ProjectConfigurationPlatforms) = postSolution
		{B5D5678E-5CDE-4CD8-A728-AF16B39EF7FD}.Debug|x64.ActiveCfg = Debug|x64
		{B5D5678E-5CDE-4CD8-A728-AF16B39EF7FD}.Debug|x64.Build.0 = Debug|x64
		{B5D5678E-5CDE-4CD8-A728-AF16B39EF7FD}.Debug|x86.ActiveCfg = Debug|Win32
		{B5D5678E-5CDE-4CD8-A728-AF16B39EF7FD}.Debug|x86.Build.0 = Debug|Win32
		{B5D5678E-5CDE-4CD8-A728-AF16B39EF7FD}.Release|x64.ActiveCfg = Release|x64
		{B5D5678E-5CDE-4CD8-A728-AF16B39EF7FD}.Release|x64.Build.0 = Release|x64
		{B5D5678E-5CDE-4CD8-A728-AF16B39EF7FD}.Release|x86.ActiveCfg = Release|Win32
		{B5D5678E-5CDE-4CD8-A728-AF16B39EF7FD}.Release|x86.Build.0 = Release|Win32
	EndGlobalSection
	GlobalSection(SolutionProperties) = preSolution
		HideSolutionNode = FALSE
	EndGlobalSection
EndGlobal
